
Microsoft Visual Studio Solution File, Format Version 12.00
Project("{FAE04EC0-301F-11D3-BF4B-00C04F79EFBC}") = "z3n.Core", "z3n.Core\z3n.Core.csproj", "{DE7ADE20-A0E1-4BF4-BB77-D9862B8E7041}"
EndProject
Project("{FAE04EC0-301F-11D3-BF4B-00C04F79EFBC}") = "z3n.Farm", "z3n.Farm\z3n.Farm.csproj", "{0A09BFD0-0DCE-4F43-B0CB-401AE7565FC5}"
EndProject
Project("{FAE04EC0-301F-11D3-BF4B-00C04F79EFBC}") = "z3n.Web3", "z3n.Web3\z3n.Web3.csproj", "{F264335D-BCA1-4CA2-A44C-6B57CE094355}"
EndProject
Project("{FAE04EC0-301F-11D3-BF4B-00C04F79EFBC}") = "z3n.Socials", "z3n.Socials\z3n.Socials.csproj", "{7543F70A-EBAB-4736-9048-26D7780664A1}"
EndProject
Project("{FAE04EC0-301F-11D3-BF4B-00C04F79EFBC}") = "z3n.Wallets", "z3n.Wallets\z3n.Wallets.csproj", "{EE7A3854-D937-487B-801F-36210CDF38EE}"
EndProject
Project("{FAE04EC0-301F-11D3-BF4B-00C04F79EFBC}") = "z3n.Utils", "z3n.Utils\z3n.Utils.csproj", "{979200B0-6194-4B00-AB9C-EF2A44EDEB92}"
EndProject
Project("{FAE04EC0-301F-11D3-BF4B-00C04F79EFBC}") = "z3n.Db", "z3n.Db\z3n.Db.csproj", "{A08203E1-E7B6-443E-8F52-2E2C816BA04E}"
EndProject
Project("{FAE04EC0-301F-11D3-BF4B-00C04F79EFBC}") = "z3n.Admin", "z3n.Admin\z3n.Admin.csproj", "{8BCF19AF-A026-4744-969F-8BEB082F3CD3}"
EndProject
Project("{FAE04EC0-301F-11D3-BF4B-00C04F79EFBC}") = "z3n.Requests", "z3n.Requests\z3n.Requests.csproj", "{D12DC1E1-4817-40E8-B278-28AB59DDC2F4}"
EndProject
Project("{FAE04EC0-301F-11D3-BF4B-00C04F79EFBC}") = "z3n.Browser", "z3n.Browser\z3n.Browser.csproj", "{0114FFFE-4A8B-468C-A724-56E366862FC1}"
EndProject
Project("{FAE04EC0-301F-11D3-BF4B-00C04F79EFBC}") = "_farm", "_farm\_farm.csproj", "{EEA9738D-5A36-40D5-A2F4-06FAE6459FE5}"
EndProject
Global
	GlobalSection(SolutionConfigurationPlatforms) = preSolution
		Debug|Any CPU = Debug|Any CPU
		Release|Any CPU = Release|Any CPU
	EndGlobalSection
	GlobalSection(ProjectConfigurationPlatforms) = postSolution
		{DE7ADE20-A0E1-4BF4-BB77-D9862B8E7041}.Debug|Any CPU.ActiveCfg = Debug|Any CPU
		{DE7ADE20-A0E1-4BF4-BB77-D9862B8E7041}.Debug|Any CPU.Build.0 = Debug|Any CPU
		{DE7ADE20-A0E1-4BF4-BB77-D9862B8E7041}.Release|Any CPU.ActiveCfg = Release|Any CPU
		{DE7ADE20-A0E1-4BF4-BB77-D9862B8E7041}.Release|Any CPU.Build.0 = Release|Any CPU
		{0A09BFD0-0DCE-4F43-B0CB-401AE7565FC5}.Debug|Any CPU.ActiveCfg = Debug|Any CPU
		{0A09BFD0-0DCE-4F43-B0CB-401AE7565FC5}.Debug|Any CPU.Build.0 = Debug|Any CPU
		{0A09BFD0-0DCE-4F43-B0CB-401AE7565FC5}.Release|Any CPU.ActiveCfg = Release|Any CPU
		{0A09BFD0-0DCE-4F43-B0CB-401AE7565FC5}.Release|Any CPU.Build.0 = Release|Any CPU
		{F264335D-BCA1-4CA2-A44C-6B57CE094355}.Debug|Any CPU.ActiveCfg = Debug|Any CPU
		{F264335D-BCA1-4CA2-A44C-6B57CE094355}.Debug|Any CPU.Build.0 = Debug|Any CPU
		{F264335D-BCA1-4CA2-A44C-6B57CE094355}.Release|Any CPU.ActiveCfg = Release|Any CPU
		{F264335D-BCA1-4CA2-A44C-6B57CE094355}.Release|Any CPU.Build.0 = Release|Any CPU
		{7543F70A-EBAB-4736-9048-26D7780664A1}.Debug|Any CPU.ActiveCfg = Debug|Any CPU
		{7543F70A-EBAB-4736-9048-26D7780664A1}.Debug|Any CPU.Build.0 = Debug|Any CPU
		{7543F70A-EBAB-4736-9048-26D7780664A1}.Release|Any CPU.ActiveCfg = Release|Any CPU
		{7543F70A-EBAB-4736-9048-26D7780664A1}.Release|Any CPU.Build.0 = Release|Any CPU
		{EE7A3854-D937-487B-801F-36210CDF38EE}.Debug|Any CPU.ActiveCfg = Debug|Any CPU
		{EE7A3854-D937-487B-801F-36210CDF38EE}.Debug|Any CPU.Build.0 = Debug|Any CPU
		{EE7A3854-D937-487B-801F-36210CDF38EE}.Release|Any CPU.ActiveCfg = Release|Any CPU
		{EE7A3854-D937-487B-801F-36210CDF38EE}.Release|Any CPU.Build.0 = Release|Any CPU
		{979200B0-6194-4B00-AB9C-EF2A44EDEB92}.Debug|Any CPU.ActiveCfg = Debug|Any CPU
		{979200B0-6194-4B00-AB9C-EF2A44EDEB92}.Debug|Any CPU.Build.0 = Debug|Any CPU
		{979200B0-6194-4B00-AB9C-EF2A44EDEB92}.Release|Any CPU.ActiveCfg = Release|Any CPU
		{979200B0-6194-4B00-AB9C-EF2A44EDEB92}.Release|Any CPU.Build.0 = Release|Any CPU
		{A08203E1-E7B6-443E-8F52-2E2C816BA04E}.Debug|Any CPU.ActiveCfg = Debug|Any CPU
		{A08203E1-E7B6-443E-8F52-2E2C816BA04E}.Debug|Any CPU.Build.0 = Debug|Any CPU
		{A08203E1-E7B6-443E-8F52-2E2C816BA04E}.Release|Any CPU.ActiveCfg = Release|Any CPU
		{A08203E1-E7B6-443E-8F52-2E2C816BA04E}.Release|Any CPU.Build.0 = Release|Any CPU
		{8BCF19AF-A026-4744-969F-8BEB082F3CD3}.Debug|Any CPU.ActiveCfg = Debug|Any CPU
		{8BCF19AF-A026-4744-969F-8BEB082F3CD3}.Debug|Any CPU.Build.0 = Debug|Any CPU
		{8BCF19AF-A026-4744-969F-8BEB082F3CD3}.Release|Any CPU.ActiveCfg = Release|Any CPU
		{8BCF19AF-A026-4744-969F-8BEB082F3CD3}.Release|Any CPU.Build.0 = Release|Any CPU
		{D12DC1E1-4817-40E8-B278-28AB59DDC2F4}.Debug|Any CPU.ActiveCfg = Debug|Any CPU
		{D12DC1E1-4817-40E8-B278-28AB59DDC2F4}.Debug|Any CPU.Build.0 = Debug|Any CPU
		{D12DC1E1-4817-40E8-B278-28AB59DDC2F4}.Release|Any CPU.ActiveCfg = Release|Any CPU
		{D12DC1E1-4817-40E8-B278-28AB59DDC2F4}.Release|Any CPU.Build.0 = Release|Any CPU
		{0114FFFE-4A8B-468C-A724-56E366862FC1}.Debug|Any CPU.ActiveCfg = Debug|Any CPU
		{0114FFFE-4A8B-468C-A724-56E366862FC1}.Debug|Any CPU.Build.0 = Debug|Any CPU
		{0114FFFE-4A8B-468C-A724-56E366862FC1}.Release|Any CPU.ActiveCfg = Release|Any CPU
		{0114FFFE-4A8B-468C-A724-56E366862FC1}.Release|Any CPU.Build.0 = Release|Any CPU
		{EEA9738D-5A36-40D5-A2F4-06FAE6459FE5}.Debug|Any CPU.ActiveCfg = Debug|Any CPU
		{EEA9738D-5A36-40D5-A2F4-06FAE6459FE5}.Debug|Any CPU.Build.0 = Debug|Any CPU
		{EEA9738D-5A36-40D5-A2F4-06FAE6459FE5}.Release|Any CPU.ActiveCfg = Release|Any CPU
		{EEA9738D-5A36-40D5-A2F4-06FAE6459FE5}.Release|Any CPU.Build.0 = Release|Any CPU
	EndGlobalSection
EndGlobal
