
Microsoft Visual Studio Solution File, Format Version 12.00
Project("{FAE04EC0-301F-11D3-BF4B-00C04F79EFBC}") = "z3n.Core", "z3n.Core\z3n.Core.csproj", "{DE7ADE20-A0E1-4BF4-BB77-D9862B8E7041}"
EndProject
Project("{FAE04EC0-301F-11D3-BF4B-00C04F79EFBC}") = "z3n.Farm", "z3n.Farm\z3n.Farm.csproj", "{0A09BFD0-0DCE-4F43-B0CB-401AE7565FC5}"
EndProject
Project("{FAE04EC0-301F-11D3-BF4B-00C04F79EFBC}") = "z3n.Web3", "z3n.Web3\z3n.Web3.csproj", "{F264335D-BCA1-4CA2-A44C-6B57CE094355}"
EndProject
Project("{FAE04EC0-301F-11D3-BF4B-00C04F79EFBC}") = "z3n.Socials", "z3n.Socials\z3n.Socials.csproj", "{7543F70A-EBAB-4736-9048-26D7780664A1}"
EndProject
Project("{FAE04EC0-301F-11D3-BF4B-00C04F79EFBC}") = "z3n.Wallets", "z3n.Wallets\z3n.Wallets.csproj", "{EE7A3854-D937-487B-801F-36210CDF38EE}"
EndProject
Project("{FAE04EC0-301F-11D3-BF4B-00C04F79EFBC}") = "z3n.Utils", "z3n.Utils\z3n.Utils.csproj", "{979200B0-6194-4B00-AB9C-EF2A44EDEB92}"
EndProject
Project("{FAE04EC0-301F-11D3-BF4B-00C04F79EFBC}") = "Neuraverse", "_projects\Neuraverse\Neuraverse.csproj", "{7BBF69C7-6F05-4B71-A830-1C8F0F606435}"
EndProject
Project("{FAE04EC0-301F-11D3-BF4B-00C04F79EFBC}") = "JuneAI", "_projects\JuneAI\JuneAI.csproj", "{92EB366E-136F-4877-AC1A-AAFB488A18AD}"
EndProject
Project("{FAE04EC0-301F-11D3-BF4B-00C04F79EFBC}") = "Zaffier", "_projects\Zaffier\Zaffier.csproj", "{469583F5-76C5-4736-9287-F286CDCE6E88}"
EndProject
Project("{FAE04EC0-301F-11D3-BF4B-00C04F79EFBC}") = "ClashOfCoins", "_projects\ClashOfCoins\ClashOfCoins.csproj", "{F87390D2-1667-4E93-ABE5-839145D481C1}"
EndProject
Project("{FAE04EC0-301F-11D3-BF4B-00C04F79EFBC}") = "z3n.Db", "z3n.Db\z3n.Db.csproj", "{A08203E1-E7B6-443E-8F52-2E2C816BA04E}"
EndProject
Project("{FAE04EC0-301F-11D3-BF4B-00C04F79EFBC}") = "z3n.Admin", "z3n.Admin\z3n.Admin.csproj", "{8BCF19AF-A026-4744-969F-8BEB082F3CD3}"
EndProject
Project("{FAE04EC0-301F-11D3-BF4B-00C04F79EFBC}") = "z3n.Requests", "z3n.Requests\z3n.Requests.csproj", "{D12DC1E1-4817-40E8-B278-28AB59DDC2F4}"
EndProject
Project("{FAE04EC0-301F-11D3-BF4B-00C04F79EFBC}") = "IOPn", "_projects\IOPn\IOPn.csproj", "{7C08471B-DAB8-4BEC-8C53-F0C1E63060FB}"
EndProject
Project("{FAE04EC0-301F-11D3-BF4B-00C04F79EFBC}") = "MarketMaverics", "_projects\MarketMaverics\MarketMaverics.csproj", "{A11CDEC9-D085-4A2F-B9C8-32489D45F6AB}"
EndProject
Project("{FAE04EC0-301F-11D3-BF4B-00C04F79EFBC}") = "Zeko", "_projects\Zeko\Zeko.csproj", "{3106D5EE-6E0B-424D-BE8C-07B5A619B95F}"
EndProject
Project("{FAE04EC0-301F-11D3-BF4B-00C04F79EFBC}") = "ZkNoid", "_projects\ZkNoid\ZkNoid.csproj", "{248C1C85-26D3-4A63-AE6D-E83555F2509E}"
EndProject
Project("{FAE04EC0-301F-11D3-BF4B-00C04F79EFBC}") = "z3n.Test", "z3n.Test\z3n.Test.csproj", "{406249C9-9284-4467-B0B3-CC9102C9294A}"
EndProject
Global
	GlobalSection(SolutionConfigurationPlatforms) = preSolution
		Debug|Any CPU = Debug|Any CPU
		Release|Any CPU = Release|Any CPU
	EndGlobalSection
	GlobalSection(ProjectConfigurationPlatforms) = postSolution
		{DE7ADE20-A0E1-4BF4-BB77-D9862B8E7041}.Debug|Any CPU.ActiveCfg = Debug|Any CPU
		{DE7ADE20-A0E1-4BF4-BB77-D9862B8E7041}.Debug|Any CPU.Build.0 = Debug|Any CPU
		{DE7ADE20-A0E1-4BF4-BB77-D9862B8E7041}.Release|Any CPU.ActiveCfg = Release|Any CPU
		{DE7ADE20-A0E1-4BF4-BB77-D9862B8E7041}.Release|Any CPU.Build.0 = Release|Any CPU
		{0A09BFD0-0DCE-4F43-B0CB-401AE7565FC5}.Debug|Any CPU.ActiveCfg = Debug|Any CPU
		{0A09BFD0-0DCE-4F43-B0CB-401AE7565FC5}.Debug|Any CPU.Build.0 = Debug|Any CPU
		{0A09BFD0-0DCE-4F43-B0CB-401AE7565FC5}.Release|Any CPU.ActiveCfg = Release|Any CPU
		{0A09BFD0-0DCE-4F43-B0CB-401AE7565FC5}.Release|Any CPU.Build.0 = Release|Any CPU
		{F264335D-BCA1-4CA2-A44C-6B57CE094355}.Debug|Any CPU.ActiveCfg = Debug|Any CPU
		{F264335D-BCA1-4CA2-A44C-6B57CE094355}.Debug|Any CPU.Build.0 = Debug|Any CPU
		{F264335D-BCA1-4CA2-A44C-6B57CE094355}.Release|Any CPU.ActiveCfg = Release|Any CPU
		{F264335D-BCA1-4CA2-A44C-6B57CE094355}.Release|Any CPU.Build.0 = Release|Any CPU
		{7543F70A-EBAB-4736-9048-26D7780664A1}.Debug|Any CPU.ActiveCfg = Debug|Any CPU
		{7543F70A-EBAB-4736-9048-26D7780664A1}.Debug|Any CPU.Build.0 = Debug|Any CPU
		{7543F70A-EBAB-4736-9048-26D7780664A1}.Release|Any CPU.ActiveCfg = Release|Any CPU
		{7543F70A-EBAB-4736-9048-26D7780664A1}.Release|Any CPU.Build.0 = Release|Any CPU
		{EE7A3854-D937-487B-801F-36210CDF38EE}.Debug|Any CPU.ActiveCfg = Debug|Any CPU
		{EE7A3854-D937-487B-801F-36210CDF38EE}.Debug|Any CPU.Build.0 = Debug|Any CPU
		{EE7A3854-D937-487B-801F-36210CDF38EE}.Release|Any CPU.ActiveCfg = Release|Any CPU
		{EE7A3854-D937-487B-801F-36210CDF38EE}.Release|Any CPU.Build.0 = Release|Any CPU
		{979200B0-6194-4B00-AB9C-EF2A44EDEB92}.Debug|Any CPU.ActiveCfg = Debug|Any CPU
		{979200B0-6194-4B00-AB9C-EF2A44EDEB92}.Debug|Any CPU.Build.0 = Debug|Any CPU
		{979200B0-6194-4B00-AB9C-EF2A44EDEB92}.Release|Any CPU.ActiveCfg = Release|Any CPU
		{979200B0-6194-4B00-AB9C-EF2A44EDEB92}.Release|Any CPU.Build.0 = Release|Any CPU
		{7BBF69C7-6F05-4B71-A830-1C8F0F606435}.Debug|Any CPU.ActiveCfg = Debug|Any CPU
		{7BBF69C7-6F05-4B71-A830-1C8F0F606435}.Debug|Any CPU.Build.0 = Debug|Any CPU
		{7BBF69C7-6F05-4B71-A830-1C8F0F606435}.Release|Any CPU.ActiveCfg = Release|Any CPU
		{7BBF69C7-6F05-4B71-A830-1C8F0F606435}.Release|Any CPU.Build.0 = Release|Any CPU
		{92EB366E-136F-4877-AC1A-AAFB488A18AD}.Debug|Any CPU.ActiveCfg = Debug|Any CPU
		{92EB366E-136F-4877-AC1A-AAFB488A18AD}.Debug|Any CPU.Build.0 = Debug|Any CPU
		{92EB366E-136F-4877-AC1A-AAFB488A18AD}.Release|Any CPU.ActiveCfg = Release|Any CPU
		{92EB366E-136F-4877-AC1A-AAFB488A18AD}.Release|Any CPU.Build.0 = Release|Any CPU
		{469583F5-76C5-4736-9287-F286CDCE6E88}.Debug|Any CPU.ActiveCfg = Debug|Any CPU
		{469583F5-76C5-4736-9287-F286CDCE6E88}.Debug|Any CPU.Build.0 = Debug|Any CPU
		{469583F5-76C5-4736-9287-F286CDCE6E88}.Release|Any CPU.ActiveCfg = Release|Any CPU
		{469583F5-76C5-4736-9287-F286CDCE6E88}.Release|Any CPU.Build.0 = Release|Any CPU
		{F87390D2-1667-4E93-ABE5-839145D481C1}.Debug|Any CPU.ActiveCfg = Debug|Any CPU
		{F87390D2-1667-4E93-ABE5-839145D481C1}.Debug|Any CPU.Build.0 = Debug|Any CPU
		{F87390D2-1667-4E93-ABE5-839145D481C1}.Release|Any CPU.ActiveCfg = Release|Any CPU
		{F87390D2-1667-4E93-ABE5-839145D481C1}.Release|Any CPU.Build.0 = Release|Any CPU
		{A08203E1-E7B6-443E-8F52-2E2C816BA04E}.Debug|Any CPU.ActiveCfg = Debug|Any CPU
		{A08203E1-E7B6-443E-8F52-2E2C816BA04E}.Debug|Any CPU.Build.0 = Debug|Any CPU
		{A08203E1-E7B6-443E-8F52-2E2C816BA04E}.Release|Any CPU.ActiveCfg = Release|Any CPU
		{A08203E1-E7B6-443E-8F52-2E2C816BA04E}.Release|Any CPU.Build.0 = Release|Any CPU
		{8BCF19AF-A026-4744-969F-8BEB082F3CD3}.Debug|Any CPU.ActiveCfg = Debug|Any CPU
		{8BCF19AF-A026-4744-969F-8BEB082F3CD3}.Debug|Any CPU.Build.0 = Debug|Any CPU
		{8BCF19AF-A026-4744-969F-8BEB082F3CD3}.Release|Any CPU.ActiveCfg = Release|Any CPU
		{8BCF19AF-A026-4744-969F-8BEB082F3CD3}.Release|Any CPU.Build.0 = Release|Any CPU
		{D12DC1E1-4817-40E8-B278-28AB59DDC2F4}.Debug|Any CPU.ActiveCfg = Debug|Any CPU
		{D12DC1E1-4817-40E8-B278-28AB59DDC2F4}.Debug|Any CPU.Build.0 = Debug|Any CPU
		{D12DC1E1-4817-40E8-B278-28AB59DDC2F4}.Release|Any CPU.ActiveCfg = Release|Any CPU
		{D12DC1E1-4817-40E8-B278-28AB59DDC2F4}.Release|Any CPU.Build.0 = Release|Any CPU
		{7C08471B-DAB8-4BEC-8C53-F0C1E63060FB}.Debug|Any CPU.ActiveCfg = Debug|Any CPU
		{7C08471B-DAB8-4BEC-8C53-F0C1E63060FB}.Debug|Any CPU.Build.0 = Debug|Any CPU
		{7C08471B-DAB8-4BEC-8C53-F0C1E63060FB}.Release|Any CPU.ActiveCfg = Release|Any CPU
		{7C08471B-DAB8-4BEC-8C53-F0C1E63060FB}.Release|Any CPU.Build.0 = Release|Any CPU
		{A11CDEC9-D085-4A2F-B9C8-32489D45F6AB}.Debug|Any CPU.ActiveCfg = Debug|Any CPU
		{A11CDEC9-D085-4A2F-B9C8-32489D45F6AB}.Debug|Any CPU.Build.0 = Debug|Any CPU
		{A11CDEC9-D085-4A2F-B9C8-32489D45F6AB}.Release|Any CPU.ActiveCfg = Release|Any CPU
		{A11CDEC9-D085-4A2F-B9C8-32489D45F6AB}.Release|Any CPU.Build.0 = Release|Any CPU
		{3106D5EE-6E0B-424D-BE8C-07B5A619B95F}.Debug|Any CPU.ActiveCfg = Debug|Any CPU
		{3106D5EE-6E0B-424D-BE8C-07B5A619B95F}.Debug|Any CPU.Build.0 = Debug|Any CPU
		{3106D5EE-6E0B-424D-BE8C-07B5A619B95F}.Release|Any CPU.ActiveCfg = Release|Any CPU
		{3106D5EE-6E0B-424D-BE8C-07B5A619B95F}.Release|Any CPU.Build.0 = Release|Any CPU
		{248C1C85-26D3-4A63-AE6D-E83555F2509E}.Debug|Any CPU.ActiveCfg = Debug|Any CPU
		{248C1C85-26D3-4A63-AE6D-E83555F2509E}.Debug|Any CPU.Build.0 = Debug|Any CPU
		{248C1C85-26D3-4A63-AE6D-E83555F2509E}.Release|Any CPU.ActiveCfg = Release|Any CPU
		{248C1C85-26D3-4A63-AE6D-E83555F2509E}.Release|Any CPU.Build.0 = Release|Any CPU
		{406249C9-9284-4467-B0B3-CC9102C9294A}.Debug|Any CPU.ActiveCfg = Debug|Any CPU
		{406249C9-9284-4467-B0B3-CC9102C9294A}.Debug|Any CPU.Build.0 = Debug|Any CPU
		{406249C9-9284-4467-B0B3-CC9102C9294A}.Release|Any CPU.ActiveCfg = Release|Any CPU
		{406249C9-9284-4467-B0B3-CC9102C9294A}.Release|Any CPU.Build.0 = Release|Any CPU
	EndGlobalSection
EndGlobal
